
Microsoft Visual Studio Solution File, Format Version 12.00
# Visual Studio Version 17
VisualStudioVersion = 17.1.32328.378
MinimumVisualStudioVersion = 10.0.40219.1
Project("{FAE04EC0-301F-11D3-BF4B-00C04F79EFBC}") = "14_Proje_Hastane", "14_Proje_Hastane\14_Proje_Hastane.csproj", "{4B5DFD46-307B-4399-A231-E9F0040B8A99}"
EndProject
Global
	GlobalSection(SolutionConfigurationPlatforms) = preSolution
		Debug|Any CPU = Debug|Any CPU
		Release|Any CPU = Release|Any CPU
	EndGlobalSection
	GlobalSection(ProjectConfigurationPlatforms) = postSolution
		{4B5DFD46-307B-4399-A231-E9F0040B8A99}.Debug|Any CPU.ActiveCfg = Debug|Any CPU
		{4B5DFD46-307B-4399-A231-E9F0040B8A99}.Debug|Any CPU.Build.0 = Debug|Any CPU
		{4B5DFD46-307B-4399-A231-E9F0040B8A99}.Release|Any CPU.ActiveCfg = Release|Any CPU
		{4B5DFD46-307B-4399-A231-E9F0040B8A99}.Release|Any CPU.Build.0 = Release|Any CPU
	EndGlobalSection
	GlobalSection(SolutionProperties) = preSolution
		HideSolutionNode = FALSE
	EndGlobalSection
	GlobalSection(ExtensibilityGlobals) = postSolution
		SolutionGuid = {5012F588-B311-4B97-A186-F95D38BBFCF6}
	EndGlobalSection
EndGlobal
